
Microsoft Visual Studio Solution File, Format Version 12.00
# Visual Studio Version 17
VisualStudioVersion = 17.5.33530.505
MinimumVisualStudioVersion = 10.0.40219.1
Project("{FAE04EC0-301F-11D3-BF4B-00C04F79EFBC}") = "ConsoleApp5", "ConsoleApp5\ConsoleApp5.csproj", "{52EA5B27-2744-4947-847B-8DE93C64F21E}"
EndProject
Global
	GlobalSection(SolutionConfigurationPlatforms) = preSolution
		Debug|Any CPU = Debug|Any CPU
		Release|Any CPU = Release|Any CPU
	EndGlobalSection
	GlobalSection(ProjectConfigurationPlatforms) = postSolution
		{52EA5B27-2744-4947-847B-8DE93C64F21E}.Debug|Any CPU.ActiveCfg = Debug|Any CPU
		{52EA5B27-2744-4947-847B-8DE93C64F21E}.Debug|Any CPU.Build.0 = Debug|Any CPU
		{52EA5B27-2744-4947-847B-8DE93C64F21E}.Release|Any CPU.ActiveCfg = Release|Any CPU
		{52EA5B27-2744-4947-847B-8DE93C64F21E}.Release|Any CPU.Build.0 = Release|Any CPU
	EndGlobalSection
	GlobalSection(SolutionProperties) = preSolution
		HideSolutionNode = FALSE
	EndGlobalSection
	GlobalSection(ExtensibilityGlobals) = postSolution
		SolutionGuid = {EC20C6AD-98CA-4A09-ADED-3DE14C2AE79C}
	EndGlobalSection
EndGlobal
